Microsoft Visual Studio Solution File, Format Version 12.00
# Visual Studio Version 17
VisualStudioVersion = 17.5.2.0
MinimumVisualStudioVersion = 10.0.40219.1
Project("{2150E333-8FDC-42A3-9474-1A3956D46DE8}") = "prediction-app", "prediction-app", "{31FBA90D-BC5C-F7AF-22E0-14B4FA91E1AD}"
EndProject
Project("{FAE04EC0-301F-11D3-BF4B-00C04F79EFBC}") = "PredictionApi", "prediction-app\api\PredictionApi.csproj", "{6B78B4E3-55B3-A35E-0B00-B9A36CCF2FDB}"
EndProject
Global
	GlobalSection(SolutionConfigurationPlatforms) = preSolution
		Debug|Any CPU = Debug|Any CPU
		Release|Any CPU = Release|Any CPU
	EndGlobalSection
	GlobalSection(ProjectConfigurationPlatforms) = postSolution
		{6B78B4E3-55B3-A35E-0B00-B9A36CCF2FDB}.Debug|Any CPU.ActiveCfg = Debug|Any CPU
		{6B78B4E3-55B3-A35E-0B00-B9A36CCF2FDB}.Debug|Any CPU.Build.0 = Debug|Any CPU
		{6B78B4E3-55B3-A35E-0B00-B9A36CCF2FDB}.Release|Any CPU.ActiveCfg = Release|Any CPU
		{6B78B4E3-55B3-A35E-0B00-B9A36CCF2FDB}.Release|Any CPU.Build.0 = Release|Any CPU
	EndGlobalSection
	GlobalSection(SolutionProperties) = preSolution
		HideSolutionNode = FALSE
	EndGlobalSection
	GlobalSection(NestedProjects) = preSolution
		{6B78B4E3-55B3-A35E-0B00-B9A36CCF2FDB} = {31FBA90D-BC5C-F7AF-22E0-14B4FA91E1AD}
	EndGlobalSection
	GlobalSection(ExtensibilityGlobals) = postSolution
		SolutionGuid = {F3E02AE9-DC35-42CF-B3ED-15AFBE7AD5D7}
	EndGlobalSection
EndGlobal
